
Microsoft Visual Studio Solution File, Format Version 12.00
# Visual Studio Version 17
VisualStudioVersion = 17.5.002.0
MinimumVisualStudioVersion = 10.0.40219.1
Project("{9A19103F-16F7-4668-BE54-9A1E7A4F7556}") = "Static-method", "Static-method.csproj", "{7B97143F-90A4-4277-BA3E-AF20365E3258}"
EndProject
Global
	GlobalSection(SolutionConfigurationPlatforms) = preSolution
		Debug|Any CPU = Debug|Any CPU
		Release|Any CPU = Release|Any CPU
	EndGlobalSection
	GlobalSection(ProjectConfigurationPlatforms) = postSolution
		{7B97143F-90A4-4277-BA3E-AF20365E3258}.Debug|Any CPU.ActiveCfg = Debug|Any CPU
		{7B97143F-90A4-4277-BA3E-AF20365E3258}.Debug|Any CPU.Build.0 = Debug|Any CPU
		{7B97143F-90A4-4277-BA3E-AF20365E3258}.Release|Any CPU.ActiveCfg = Release|Any CPU
		{7B97143F-90A4-4277-BA3E-AF20365E3258}.Release|Any CPU.Build.0 = Release|Any CPU
	EndGlobalSection
	GlobalSection(SolutionProperties) = preSolution
		HideSolutionNode = FALSE
	EndGlobalSection
	GlobalSection(ExtensibilityGlobals) = postSolution
		SolutionGuid = {0A9A088D-13EB-4AEF-A5A0-A337B651F89A}
	EndGlobalSection
EndGlobal
